// !$*UTF8*$!
{
	archiveVersion = 1;
	classes = {
	};
	objectVersion = 56;
	objects = {

/* Begin PBXBuildFile section */
		9B2D47EB2A876167009FDB31 /* DrawerMenu.swift in Sources */ = {isa = PBXBuildFile; fileRef = 9B2D47EA2A876167009FDB31 /* DrawerMenu.swift */; };
		9B2D47ED2A8761BE009FDB31 /* TargetView.swift in Sources */ = {isa = PBXBuildFile; fileRef = 9B2D47EC2A8761BE009FDB31 /* TargetView.swift */; };
		9B2D47F12A876836009FDB31 /* TimerView.swift in Sources */ = {isa = PBXBuildFile; fileRef = 9B2D47F02A876836009FDB31 /* TimerView.swift */; };
		9B2D47F32A876A77009FDB31 /* ColorExtensions.swift in Sources */ = {isa = PBXBuildFile; fileRef = 9B2D47F22A876A77009FDB31 /* ColorExtensions.swift */; };
		9B2D47F52A876AFE009FDB31 /* VisualEffectView.swift in Sources */ = {isa = PBXBuildFile; fileRef = 9B2D47F42A876AFE009FDB31 /* VisualEffectView.swift */; };
		9B2D47F72A876C7E009FDB31 /* NavView.swift in Sources */ = {isa = PBXBuildFile; fileRef = 9B2D47F62A876C7E009FDB31 /* NavView.swift */; };
		9B2D47F92A877290009FDB31 /* TagView.swift in Sources */ = {isa = PBXBuildFile; fileRef = 9B2D47F82A877290009FDB31 /* TagView.swift */; };
		9B2D47FB2A87729E009FDB31 /* StoreView.swift in Sources */ = {isa = PBXBuildFile; fileRef = 9B2D47FA2A87729E009FDB31 /* StoreView.swift */; };
		9B2D47FD2A8772B9009FDB31 /* UserView.swift in Sources */ = {isa = PBXBuildFile; fileRef = 9B2D47FC2A8772B9009FDB31 /* UserView.swift */; };
		9B2D47FF2A8772C9009FDB31 /* SettingView.swift in Sources */ = {isa = PBXBuildFile; fileRef = 9B2D47FE2A8772C9009FDB31 /* SettingView.swift */; };
		9B2D48012A8772D7009FDB31 /* HelperView.swift in Sources */ = {isa = PBXBuildFile; fileRef = 9B2D48002A8772D7009FDB31 /* HelperView.swift */; };
		9B2D48032A87A75F009FDB31 /* NullView.swift in Sources */ = {isa = PBXBuildFile; fileRef = 9B2D48022A87A75F009FDB31 /* NullView.swift */; };
		9B2D48052A87A9B7009FDB31 /* NavigationCoverView.swift in Sources */ = {isa = PBXBuildFile; fileRef = 9B2D48042A87A9B7009FDB31 /* NavigationCoverView.swift */; };
		9B2D48072A8A0FF8009FDB31 /* TagDataManager.swift in Sources */ = {isa = PBXBuildFile; fileRef = 9B2D48062A8A0FF8009FDB31 /* TagDataManager.swift */; };
		9B2D48092A8A1136009FDB31 /* TagItemView.swift in Sources */ = {isa = PBXBuildFile; fileRef = 9B2D48082A8A1136009FDB31 /* TagItemView.swift */; };
		9B2D480E2A8B1E9F009FDB31 /* TargetDataManager.swift in Sources */ = {isa = PBXBuildFile; fileRef = 9B2D480D2A8B1E9F009FDB31 /* TargetDataManager.swift */; };
		9B2D48102A8B1EB8009FDB31 /* StoreDataManager.swift in Sources */ = {isa = PBXBuildFile; fileRef = 9B2D480F2A8B1EB8009FDB31 /* StoreDataManager.swift */; };
		9B2D48122A8B1ED9009FDB31 /* UserDataManager.swift in Sources */ = {isa = PBXBuildFile; fileRef = 9B2D48112A8B1ED9009FDB31 /* UserDataManager.swift */; };
		9B2D48142A8B1F13009FDB31 /* LoginDataManager.swift in Sources */ = {isa = PBXBuildFile; fileRef = 9B2D48132A8B1F13009FDB31 /* LoginDataManager.swift */; };
		9B2D48162A8B2032009FDB31 /* StoreItemView.swift in Sources */ = {isa = PBXBuildFile; fileRef = 9B2D48152A8B2032009FDB31 /* StoreItemView.swift */; };
		9B2D48182A8BAD6B009FDB31 /* CreatView.swift in Sources */ = {isa = PBXBuildFile; fileRef = 9B2D48172A8BAD6B009FDB31 /* CreatView.swift */; };
		9B2D481A2A8C6392009FDB31 /* LoginNavView.swift in Sources */ = {isa = PBXBuildFile; fileRef = 9B2D48192A8C6392009FDB31 /* LoginNavView.swift */; };
		9B2D481C2A8C6BAD009FDB31 /* UserAgreementView.swift in Sources */ = {isa = PBXBuildFile; fileRef = 9B2D481B2A8C6BAD009FDB31 /* UserAgreementView.swift */; };
		9B2D481E2A8C6BC0009FDB31 /* PrivacyPolicyView.swift in Sources */ = {isa = PBXBuildFile; fileRef = 9B2D481D2A8C6BC0009FDB31 /* PrivacyPolicyView.swift */; };
		9BAAE9542A8E0ECE00EF6464 /* LoginView.swift in Sources */ = {isa = PBXBuildFile; fileRef = 9BAAE9532A8E0ECE00EF6464 /* LoginView.swift */; };
		9BAAE9562A8E0EE000EF6464 /* SignView.swift in Sources */ = {isa = PBXBuildFile; fileRef = 9BAAE9552A8E0EE000EF6464 /* SignView.swift */; };
		9BAAE9582A8E173700EF6464 /* HomeView.swift in Sources */ = {isa = PBXBuildFile; fileRef = 9BAAE9572A8E173700EF6464 /* HomeView.swift */; };
		9BAAE95A2A8FAAA200EF6464 /* TargetItemView.swift in Sources */ = {isa = PBXBuildFile; fileRef = 9BAAE9592A8FAAA200EF6464 /* TargetItemView.swift */; };
		9BAAE95C2A909A2C00EF6464 /* TargetNav2View.swift in Sources */ = {isa = PBXBuildFile; fileRef = 9BAAE95B2A909A2C00EF6464 /* TargetNav2View.swift */; };
		9BAAE95E2A909A3700EF6464 /* TargetNav1View.swift in Sources */ = {isa = PBXBuildFile; fileRef = 9BAAE95D2A909A3700EF6464 /* TargetNav1View.swift */; };
		9BAAE9602A90F28D00EF6464 /* TargetItemNullView.swift in Sources */ = {isa = PBXBuildFile; fileRef = 9BAAE95F2A90F28D00EF6464 /* TargetItemNullView.swift */; };
		9BAAE9622A92188C00EF6464 /* StoreItemNullView.swift in Sources */ = {isa = PBXBuildFile; fileRef = 9BAAE9612A92188C00EF6464 /* StoreItemNullView.swift */; };
		9BAAE9642A94B19100EF6464 /* TargetMenuItem.swift in Sources */ = {isa = PBXBuildFile; fileRef = 9BAAE9632A94B19100EF6464 /* TargetMenuItem.swift */; };
		9BD857102A8093B500AC30E7 /* HabeetApp.swift in Sources */ = {isa = PBXBuildFile; fileRef = 9BD8570F2A8093B500AC30E7 /* HabeetApp.swift */; };
		9BD857122A8093B500AC30E7 /* ContentView.swift in Sources */ = {isa = PBXBuildFile; fileRef = 9BD857112A8093B500AC30E7 /* ContentView.swift */; };
		9BD857142A8093B600AC30E7 /* Assets.xcassets in Resources */ = {isa = PBXBuildFile; fileRef = 9BD857132A8093B600AC30E7 /* Assets.xcassets */; };
		9BD857172A8093B600AC30E7 /* Preview Assets.xcassets in Resources */ = {isa = PBXBuildFile; fileRef = 9BD857162A8093B600AC30E7 /* Preview Assets.xcassets */; };
		9BD857212A8093B600AC30E7 /* HabeetTests.swift in Sources */ = {isa = PBXBuildFile; fileRef = 9BD857202A8093B600AC30E7 /* HabeetTests.swift */; };
		9BD8572B2A8093B600AC30E7 /* HabeetUITests.swift in Sources */ = {isa = PBXBuildFile; fileRef = 9BD8572A2A8093B600AC30E7 /* HabeetUITests.swift */; };
		9BD8572D2A8093B600AC30E7 /* HabeetUITestsLaunchTests.swift in Sources */ = {isa = PBXBuildFile; fileRef = 9BD8572C2A8093B600AC30E7 /* HabeetUITestsLaunchTests.swift */; };
		9BE684962A8DCF05000EC81F /* TagItemNullView.swift in Sources */ = {isa = PBXBuildFile; fileRef = 9BE684952A8DCF05000EC81F /* TagItemNullView.swift */; };
		9BE684982A8DDE35000EC81F /* TextAlertView.swift in Sources */ = {isa = PBXBuildFile; fileRef = 9BE684972A8DDE35000EC81F /* TextAlertView.swift */; };
/* End PBXBuildFile section */

/* Begin PBXContainerItemProxy section */
		9BD8571D2A8093B600AC30E7 /* PBXContainerItemProxy */ = {
			isa = PBXContainerItemProxy;
			containerPortal = 9BD857042A8093B500AC30E7 /* Project object */;
			proxyType = 1;
			remoteGlobalIDString = 9BD8570B2A8093B500AC30E7;
			remoteInfo = Habeet;
		};
		9BD857272A8093B600AC30E7 /* PBXContainerItemProxy */ = {
			isa = PBXContainerItemProxy;
			containerPortal = 9BD857042A8093B500AC30E7 /* Project object */;
			proxyType = 1;
			remoteGlobalIDString = 9BD8570B2A8093B500AC30E7;
			remoteInfo = Habeet;
		};
/* End PBXContainerItemProxy section */

/* Begin PBXFileReference section */
		9B2D47EA2A876167009FDB31 /* DrawerMenu.swift */ = {isa = PBXFileReference; lastKnownFileType = sourcecode.swift; path = DrawerMenu.swift; sourceTree = "<group>"; };
		9B2D47EC2A8761BE009FDB31 /* TargetView.swift */ = {isa = PBXFileReference; lastKnownFileType = sourcecode.swift; path = TargetView.swift; sourceTree = "<group>"; };
		9B2D47F02A876836009FDB31 /* TimerView.swift */ = {isa = PBXFileReference; lastKnownFileType = sourcecode.swift; path = TimerView.swift; sourceTree = "<group>"; };
		9B2D47F22A876A77009FDB31 /* ColorExtensions.swift */ = {isa = PBXFileReference; lastKnownFileType = sourcecode.swift; path = ColorExtensions.swift; sourceTree = "<group>"; };
		9B2D47F42A876AFE009FDB31 /* VisualEffectView.swift */ = {isa = PBXFileReference; lastKnownFileType = sourcecode.swift; path = VisualEffectView.swift; sourceTree = "<group>"; };
		9B2D47F62A876C7E009FDB31 /* NavView.swift */ = {isa = PBXFileReference; lastKnownFileType = sourcecode.swift; path = NavView.swift; sourceTree = "<group>"; };
		9B2D47F82A877290009FDB31 /* TagView.swift */ = {isa = PBXFileReference; lastKnownFileType = sourcecode.swift; path = TagView.swift; sourceTree = "<group>"; };
		9B2D47FA2A87729E009FDB31 /* StoreView.swift */ = {isa = PBXFileReference; lastKnownFileType = sourcecode.swift; path = StoreView.swift; sourceTree = "<group>"; };
		9B2D47FC2A8772B9009FDB31 /* UserView.swift */ = {isa = PBXFileReference; lastKnownFileType = sourcecode.swift; path = UserView.swift; sourceTree = "<group>"; };
		9B2D47FE2A8772C9009FDB31 /* SettingView.swift */ = {isa = PBXFileReference; lastKnownFileType = sourcecode.swift; path = SettingView.swift; sourceTree = "<group>"; };
		9B2D48002A8772D7009FDB31 /* HelperView.swift */ = {isa = PBXFileReference; lastKnownFileType = sourcecode.swift; path = HelperView.swift; sourceTree = "<group>"; };
		9B2D48022A87A75F009FDB31 /* NullView.swift */ = {isa = PBXFileReference; lastKnownFileType = sourcecode.swift; path = NullView.swift; sourceTree = "<group>"; };
		9B2D48042A87A9B7009FDB31 /* NavigationCoverView.swift */ = {isa = PBXFileReference; lastKnownFileType = sourcecode.swift; path = NavigationCoverView.swift; sourceTree = "<group>"; };
		9B2D48062A8A0FF8009FDB31 /* TagDataManager.swift */ = {isa = PBXFileReference; lastKnownFileType = sourcecode.swift; path = TagDataManager.swift; sourceTree = "<group>"; };
		9B2D48082A8A1136009FDB31 /* TagItemView.swift */ = {isa = PBXFileReference; lastKnownFileType = sourcecode.swift; path = TagItemView.swift; sourceTree = "<group>"; };
		9B2D480D2A8B1E9F009FDB31 /* TargetDataManager.swift */ = {isa = PBXFileReference; lastKnownFileType = sourcecode.swift; path = TargetDataManager.swift; sourceTree = "<group>"; };
		9B2D480F2A8B1EB8009FDB31 /* StoreDataManager.swift */ = {isa = PBXFileReference; lastKnownFileType = sourcecode.swift; path = StoreDataManager.swift; sourceTree = "<group>"; };
		9B2D48112A8B1ED9009FDB31 /* UserDataManager.swift */ = {isa = PBXFileReference; lastKnownFileType = sourcecode.swift; path = UserDataManager.swift; sourceTree = "<group>"; };
		9B2D48132A8B1F13009FDB31 /* LoginDataManager.swift */ = {isa = PBXFileReference; lastKnownFileType = sourcecode.swift; path = LoginDataManager.swift; sourceTree = "<group>"; };
		9B2D48152A8B2032009FDB31 /* StoreItemView.swift */ = {isa = PBXFileReference; lastKnownFileType = sourcecode.swift; path = StoreItemView.swift; sourceTree = "<group>"; };
		9B2D48172A8BAD6B009FDB31 /* CreatView.swift */ = {isa = PBXFileReference; lastKnownFileType = sourcecode.swift; path = CreatView.swift; sourceTree = "<group>"; };
		9B2D48192A8C6392009FDB31 /* LoginNavView.swift */ = {isa = PBXFileReference; lastKnownFileType = sourcecode.swift; path = LoginNavView.swift; sourceTree = "<group>"; };
		9B2D481B2A8C6BAD009FDB31 /* UserAgreementView.swift */ = {isa = PBXFileReference; lastKnownFileType = sourcecode.swift; path = UserAgreementView.swift; sourceTree = "<group>"; };
		9B2D481D2A8C6BC0009FDB31 /* PrivacyPolicyView.swift */ = {isa = PBXFileReference; lastKnownFileType = sourcecode.swift; path = PrivacyPolicyView.swift; sourceTree = "<group>"; };
		9BAAE9532A8E0ECE00EF6464 /* LoginView.swift */ = {isa = PBXFileReference; lastKnownFileType = sourcecode.swift; path = LoginView.swift; sourceTree = "<group>"; };
		9BAAE9552A8E0EE000EF6464 /* SignView.swift */ = {isa = PBXFileReference; lastKnownFileType = sourcecode.swift; path = SignView.swift; sourceTree = "<group>"; };
		9BAAE9572A8E173700EF6464 /* HomeView.swift */ = {isa = PBXFileReference; lastKnownFileType = sourcecode.swift; path = HomeView.swift; sourceTree = "<group>"; };
		9BAAE9592A8FAAA200EF6464 /* TargetItemView.swift */ = {isa = PBXFileReference; lastKnownFileType = sourcecode.swift; path = TargetItemView.swift; sourceTree = "<group>"; };
		9BAAE95B2A909A2C00EF6464 /* TargetNav2View.swift */ = {isa = PBXFileReference; lastKnownFileType = sourcecode.swift; path = TargetNav2View.swift; sourceTree = "<group>"; };
		9BAAE95D2A909A3700EF6464 /* TargetNav1View.swift */ = {isa = PBXFileReference; lastKnownFileType = sourcecode.swift; path = TargetNav1View.swift; sourceTree = "<group>"; };
		9BAAE95F2A90F28D00EF6464 /* TargetItemNullView.swift */ = {isa = PBXFileReference; lastKnownFileType = sourcecode.swift; path = TargetItemNullView.swift; sourceTree = "<group>"; };
		9BAAE9612A92188C00EF6464 /* StoreItemNullView.swift */ = {isa = PBXFileReference; lastKnownFileType = sourcecode.swift; path = StoreItemNullView.swift; sourceTree = "<group>"; };
		9BAAE9632A94B19100EF6464 /* TargetMenuItem.swift */ = {isa = PBXFileReference; lastKnownFileType = sourcecode.swift; path = TargetMenuItem.swift; sourceTree = "<group>"; };
		9BD8570C2A8093B500AC30E7 /* Habeet.app */ = {isa = PBXFileReference; explicitFileType = wrapper.application; includeInIndex = 0; path = Habeet.app; sourceTree = BUILT_PRODUCTS_DIR; };
		9BD8570F2A8093B500AC30E7 /* HabeetApp.swift */ = {isa = PBXFileReference; lastKnownFileType = sourcecode.swift; path = HabeetApp.swift; sourceTree = "<group>"; };
		9BD857112A8093B500AC30E7 /* ContentView.swift */ = {isa = PBXFileReference; lastKnownFileType = sourcecode.swift; path = ContentView.swift; sourceTree = "<group>"; };
		9BD857132A8093B600AC30E7 /* Assets.xcassets */ = {isa = PBXFileReference; lastKnownFileType = folder.assetcatalog; path = Assets.xcassets; sourceTree = "<group>"; };
		9BD857162A8093B600AC30E7 /* Preview Assets.xcassets */ = {isa = PBXFileReference; lastKnownFileType = folder.assetcatalog; path = "Preview Assets.xcassets"; sourceTree = "<group>"; };
		9BD8571C2A8093B600AC30E7 /* HabeetTests.xctest */ = {isa = PBXFileReference; explicitFileType = wrapper.cfbundle; includeInIndex = 0; path = HabeetTests.xctest; sourceTree = BUILT_PRODUCTS_DIR; };
		9BD857202A8093B600AC30E7 /* HabeetTests.swift */ = {isa = PBXFileReference; lastKnownFileType = sourcecode.swift; path = HabeetTests.swift; sourceTree = "<group>"; };
		9BD857262A8093B600AC30E7 /* HabeetUITests.xctest */ = {isa = PBXFileReference; explicitFileType = wrapper.cfbundle; includeInIndex = 0; path = HabeetUITests.xctest; sourceTree = BUILT_PRODUCTS_DIR; };
		9BD8572A2A8093B600AC30E7 /* HabeetUITests.swift */ = {isa = PBXFileReference; lastKnownFileType = sourcecode.swift; path = HabeetUITests.swift; sourceTree = "<group>"; };
		9BD8572C2A8093B600AC30E7 /* HabeetUITestsLaunchTests.swift */ = {isa = PBXFileReference; lastKnownFileType = sourcecode.swift; path = HabeetUITestsLaunchTests.swift; sourceTree = "<group>"; };
		9BE684952A8DCF05000EC81F /* TagItemNullView.swift */ = {isa = PBXFileReference; lastKnownFileType = sourcecode.swift; path = TagItemNullView.swift; sourceTree = "<group>"; };
		9BE684972A8DDE35000EC81F /* TextAlertView.swift */ = {isa = PBXFileReference; lastKnownFileType = sourcecode.swift; path = TextAlertView.swift; sourceTree = "<group>"; };
/* End PBXFileReference section */

/* Begin PBXFrameworksBuildPhase section */
		9BD857092A8093B500AC30E7 /* Frameworks */ = {
			isa = PBXFrameworksBuildPhase;
			buildActionMask = 2147483647;
			files = (
			);
			runOnlyForDeploymentPostprocessing = 0;
		};
		9BD857192A8093B600AC30E7 /* Frameworks */ = {
			isa = PBXFrameworksBuildPhase;
			buildActionMask = 2147483647;
			files = (
			);
			runOnlyForDeploymentPostprocessing = 0;
		};
		9BD857232A8093B600AC30E7 /* Frameworks */ = {
			isa = PBXFrameworksBuildPhase;
			buildActionMask = 2147483647;
			files = (
			);
			runOnlyForDeploymentPostprocessing = 0;
		};
/* End PBXFrameworksBuildPhase section */

/* Begin PBXGroup section */
		9B2D47EE2A876799009FDB31 /* Helpers */ = {
			isa = PBXGroup;
			children = (
			);
			path = Helpers;
			sourceTree = "<group>";
		};
		9B2D47EF2A8767AB009FDB31 /* Extensions */ = {
			isa = PBXGroup;
			children = (
				9B2D47F22A876A77009FDB31 /* ColorExtensions.swift */,
			);
			path = Extensions;
			sourceTree = "<group>";
		};
		9B2D480C2A8B1D3E009FDB31 /* Components */ = {
			isa = PBXGroup;
			children = (
				9B2D47EA2A876167009FDB31 /* DrawerMenu.swift */,
				9B2D47F62A876C7E009FDB31 /* NavView.swift */,
				9B2D48022A87A75F009FDB31 /* NullView.swift */,
				9B2D48042A87A9B7009FDB31 /* NavigationCoverView.swift */,
				9B2D48082A8A1136009FDB31 /* TagItemView.swift */,
				9B2D47F42A876AFE009FDB31 /* VisualEffectView.swift */,
				9B2D48152A8B2032009FDB31 /* StoreItemView.swift */,
				9BE684952A8DCF05000EC81F /* TagItemNullView.swift */,
				9BE684972A8DDE35000EC81F /* TextAlertView.swift */,
				9BAAE9592A8FAAA200EF6464 /* TargetItemView.swift */,
				9BAAE95B2A909A2C00EF6464 /* TargetNav2View.swift */,
				9BAAE95D2A909A3700EF6464 /* TargetNav1View.swift */,
				9BAAE95F2A90F28D00EF6464 /* TargetItemNullView.swift */,
				9BAAE9612A92188C00EF6464 /* StoreItemNullView.swift */,
				9BAAE9632A94B19100EF6464 /* TargetMenuItem.swift */,
			);
			path = Components;
			sourceTree = "<group>";
		};
		9B8490882A82202E0023EF78 /* Models */ = {
			isa = PBXGroup;
			children = (
				9B2D48062A8A0FF8009FDB31 /* TagDataManager.swift */,
				9B2D480D2A8B1E9F009FDB31 /* TargetDataManager.swift */,
				9B2D480F2A8B1EB8009FDB31 /* StoreDataManager.swift */,
				9B2D48112A8B1ED9009FDB31 /* UserDataManager.swift */,
				9B2D48132A8B1F13009FDB31 /* LoginDataManager.swift */,
			);
			path = Models;
			sourceTree = "<group>";
		};
		9B8490892A8220420023EF78 /* Views */ = {
			isa = PBXGroup;
			children = (
				9BD857112A8093B500AC30E7 /* ContentView.swift */,
				9B2D47F82A877290009FDB31 /* TagView.swift */,
				9B2D47EC2A8761BE009FDB31 /* TargetView.swift */,
				9B2D47F02A876836009FDB31 /* TimerView.swift */,
				9B2D47FA2A87729E009FDB31 /* StoreView.swift */,
				9B2D47FC2A8772B9009FDB31 /* UserView.swift */,
				9B2D47FE2A8772C9009FDB31 /* SettingView.swift */,
				9B2D48002A8772D7009FDB31 /* HelperView.swift */,
				9B2D48172A8BAD6B009FDB31 /* CreatView.swift */,
				9B2D48192A8C6392009FDB31 /* LoginNavView.swift */,
				9B2D481B2A8C6BAD009FDB31 /* UserAgreementView.swift */,
				9B2D481D2A8C6BC0009FDB31 /* PrivacyPolicyView.swift */,
				9BAAE9532A8E0ECE00EF6464 /* LoginView.swift */,
				9BAAE9552A8E0EE000EF6464 /* SignView.swift */,
				9BAAE9572A8E173700EF6464 /* HomeView.swift */,
			);
			path = Views;
			sourceTree = "<group>";
		};
		9BD857032A8093B500AC30E7 = {
			isa = PBXGroup;
			children = (
				9BD8570E2A8093B500AC30E7 /* Habeet */,
				9BD8571F2A8093B600AC30E7 /* HabeetTests */,
				9BD857292A8093B600AC30E7 /* HabeetUITests */,
				9BD8570D2A8093B500AC30E7 /* Products */,
			);
			sourceTree = "<group>";
		};
		9BD8570D2A8093B500AC30E7 /* Products */ = {
			isa = PBXGroup;
			children = (
				9BD8570C2A8093B500AC30E7 /* Habeet.app */,
				9BD8571C2A8093B600AC30E7 /* HabeetTests.xctest */,
				9BD857262A8093B600AC30E7 /* HabeetUITests.xctest */,
			);
			name = Products;
			sourceTree = "<group>";
		};
		9BD8570E2A8093B500AC30E7 /* Habeet */ = {
			isa = PBXGroup;
			children = (
				9B2D480C2A8B1D3E009FDB31 /* Components */,
				9B2D47EF2A8767AB009FDB31 /* Extensions */,
				9B2D47EE2A876799009FDB31 /* Helpers */,
				9B8490892A8220420023EF78 /* Views */,
				9B8490882A82202E0023EF78 /* Models */,
				9BD8570F2A8093B500AC30E7 /* HabeetApp.swift */,
				9BD857132A8093B600AC30E7 /* Assets.xcassets */,
				9BD857152A8093B600AC30E7 /* Preview Content */,
			);
			path = Habeet;
			sourceTree = "<group>";
		};
		9BD857152A8093B600AC30E7 /* Preview Content */ = {
			isa = PBXGroup;
			children = (
				9BD857162A8093B600AC30E7 /* Preview Assets.xcassets */,
			);
			path = "Preview Content";
			sourceTree = "<group>";
		};
		9BD8571F2A8093B600AC30E7 /* HabeetTests */ = {
			isa = PBXGroup;
			children = (
				9BD857202A8093B600AC30E7 /* HabeetTests.swift */,
			);
			path = HabeetTests;
			sourceTree = "<group>";
		};
		9BD857292A8093B600AC30E7 /* HabeetUITests */ = {
			isa = PBXGroup;
			children = (
				9BD8572A2A8093B600AC30E7 /* HabeetUITests.swift */,
				9BD8572C2A8093B600AC30E7 /* HabeetUITestsLaunchTests.swift */,
			);
			path = HabeetUITests;
			sourceTree = "<group>";
		};
/* End PBXGroup section */

/* Begin PBXNativeTarget section */
		9BD8570B2A8093B500AC30E7 /* Habeet */ = {
			isa = PBXNativeTarget;
			buildConfigurationList = 9BD857302A8093B600AC30E7 /* Build configuration list for PBXNativeTarget "Habeet" */;
			buildPhases = (
				9BD857082A8093B500AC30E7 /* Sources */,
				9BD857092A8093B500AC30E7 /* Frameworks */,
				9BD8570A2A8093B500AC30E7 /* Resources */,
			);
			buildRules = (
			);
			dependencies = (
			);
			name = Habeet;
			productName = Habeet;
			productReference = 9BD8570C2A8093B500AC30E7 /* Habeet.app */;
			productType = "com.apple.product-type.application";
		};
		9BD8571B2A8093B600AC30E7 /* HabeetTests */ = {
			isa = PBXNativeTarget;
			buildConfigurationList = 9BD857332A8093B600AC30E7 /* Build configuration list for PBXNativeTarget "HabeetTests" */;
			buildPhases = (
				9BD857182A8093B600AC30E7 /* Sources */,
				9BD857192A8093B600AC30E7 /* Frameworks */,
				9BD8571A2A8093B600AC30E7 /* Resources */,
			);
			buildRules = (
			);
			dependencies = (
				9BD8571E2A8093B600AC30E7 /* PBXTargetDependency */,
			);
			name = HabeetTests;
			productName = HabeetTests;
			productReference = 9BD8571C2A8093B600AC30E7 /* HabeetTests.xctest */;
			productType = "com.apple.product-type.bundle.unit-test";
		};
		9BD857252A8093B600AC30E7 /* HabeetUITests */ = {
			isa = PBXNativeTarget;
			buildConfigurationList = 9BD857362A8093B600AC30E7 /* Build configuration list for PBXNativeTarget "HabeetUITests" */;
			buildPhases = (
				9BD857222A8093B600AC30E7 /* Sources */,
				9BD857232A8093B600AC30E7 /* Frameworks */,
				9BD857242A8093B600AC30E7 /* Resources */,
			);
			buildRules = (
			);
			dependencies = (
				9BD857282A8093B600AC30E7 /* PBXTargetDependency */,
			);
			name = HabeetUITests;
			productName = HabeetUITests;
			productReference = 9BD857262A8093B600AC30E7 /* HabeetUITests.xctest */;
			productType = "com.apple.product-type.bundle.ui-testing";
		};
/* End PBXNativeTarget section */

/* Begin PBXProject section */
		9BD857042A8093B500AC30E7 /* Project object */ = {
			isa = PBXProject;
			attributes = {
				BuildIndependentTargetsInParallel = 1;
				LastSwiftUpdateCheck = 1430;
				LastUpgradeCheck = 1430;
				TargetAttributes = {
					9BD8570B2A8093B500AC30E7 = {
						CreatedOnToolsVersion = 14.3.1;
					};
					9BD8571B2A8093B600AC30E7 = {
						CreatedOnToolsVersion = 14.3.1;
						TestTargetID = 9BD8570B2A8093B500AC30E7;
					};
					9BD857252A8093B600AC30E7 = {
						CreatedOnToolsVersion = 14.3.1;
						TestTargetID = 9BD8570B2A8093B500AC30E7;
					};
				};
			};
			buildConfigurationList = 9BD857072A8093B500AC30E7 /* Build configuration list for PBXProject "Habeet" */;
			compatibilityVersion = "Xcode 14.0";
			developmentRegion = en;
			hasScannedForEncodings = 0;
			knownRegions = (
				en,
				Base,
			);
			mainGroup = 9BD857032A8093B500AC30E7;
			productRefGroup = 9BD8570D2A8093B500AC30E7 /* Products */;
			projectDirPath = "";
			projectRoot = "";
			targets = (
				9BD8570B2A8093B500AC30E7 /* Habeet */,
				9BD8571B2A8093B600AC30E7 /* HabeetTests */,
				9BD857252A8093B600AC30E7 /* HabeetUITests */,
			);
		};
/* End PBXProject section */

/* Begin PBXResourcesBuildPhase section */
		9BD8570A2A8093B500AC30E7 /* Resources */ = {
			isa = PBXResourcesBuildPhase;
			buildActionMask = 2147483647;
			files = (
				9BD857172A8093B600AC30E7 /* Preview Assets.xcassets in Resources */,
				9BD857142A8093B600AC30E7 /* Assets.xcassets in Resources */,
			);
			runOnlyForDeploymentPostprocessing = 0;
		};
		9BD8571A2A8093B600AC30E7 /* Resources */ = {
			isa = PBXResourcesBuildPhase;
			buildActionMask = 2147483647;
			files = (
			);
			runOnlyForDeploymentPostprocessing = 0;
		};
		9BD857242A8093B600AC30E7 /* Resources */ = {
			isa = PBXResourcesBuildPhase;
			buildActionMask = 2147483647;
			files = (
			);
			runOnlyForDeploymentPostprocessing = 0;
		};
/* End PBXResourcesBuildPhase section */

/* Begin PBXSourcesBuildPhase section */
		9BD857082A8093B500AC30E7 /* Sources */ = {
			isa = PBXSourcesBuildPhase;
			buildActionMask = 2147483647;
			files = (
				9B2D48072A8A0FF8009FDB31 /* TagDataManager.swift in Sources */,
				9BAAE9542A8E0ECE00EF6464 /* LoginView.swift in Sources */,
				9B2D48102A8B1EB8009FDB31 /* StoreDataManager.swift in Sources */,
				9BD857122A8093B500AC30E7 /* ContentView.swift in Sources */,
				9B2D48032A87A75F009FDB31 /* NullView.swift in Sources */,
				9BAAE9602A90F28D00EF6464 /* TargetItemNullView.swift in Sources */,
				9B2D47F92A877290009FDB31 /* TagView.swift in Sources */,
				9B2D48012A8772D7009FDB31 /* HelperView.swift in Sources */,
				9BE684982A8DDE35000EC81F /* TextAlertView.swift in Sources */,
				9B2D481A2A8C6392009FDB31 /* LoginNavView.swift in Sources */,
				9B2D48092A8A1136009FDB31 /* TagItemView.swift in Sources */,
				9B2D47FB2A87729E009FDB31 /* StoreView.swift in Sources */,
				9B2D481E2A8C6BC0009FDB31 /* PrivacyPolicyView.swift in Sources */,
				9BE684962A8DCF05000EC81F /* TagItemNullView.swift in Sources */,
				9B2D47EB2A876167009FDB31 /* DrawerMenu.swift in Sources */,
				9B2D48182A8BAD6B009FDB31 /* CreatView.swift in Sources */,
				9B2D47F12A876836009FDB31 /* TimerView.swift in Sources */,
				9BAAE95C2A909A2C00EF6464 /* TargetNav2View.swift in Sources */,
				9BAAE9582A8E173700EF6464 /* HomeView.swift in Sources */,
				9B2D47ED2A8761BE009FDB31 /* TargetView.swift in Sources */,
				9B2D480E2A8B1E9F009FDB31 /* TargetDataManager.swift in Sources */,
				9BAAE95A2A8FAAA200EF6464 /* TargetItemView.swift in Sources */,
				9B2D48122A8B1ED9009FDB31 /* UserDataManager.swift in Sources */,
				9B2D48162A8B2032009FDB31 /* StoreItemView.swift in Sources */,
				9BAAE95E2A909A3700EF6464 /* TargetNav1View.swift in Sources */,
				9B2D48142A8B1F13009FDB31 /* LoginDataManager.swift in Sources */,
				9BAAE9562A8E0EE000EF6464 /* SignView.swift in Sources */,
				9B2D47FD2A8772B9009FDB31 /* UserView.swift in Sources */,
				9BAAE9622A92188C00EF6464 /* StoreItemNullView.swift in Sources */,
				9B2D47FF2A8772C9009FDB31 /* SettingView.swift in Sources */,
				9B2D47F52A876AFE009FDB31 /* VisualEffectView.swift in Sources */,
				9B2D481C2A8C6BAD009FDB31 /* UserAgreementView.swift in Sources */,
				9B2D47F72A876C7E009FDB31 /* NavView.swift in Sources */,
				9BAAE9642A94B19100EF6464 /* TargetMenuItem.swift in Sources */,
				9BD857102A8093B500AC30E7 /* HabeetApp.swift in Sources */,
				9B2D48052A87A9B7009FDB31 /* NavigationCoverView.swift in Sources */,
				9B2D47F32A876A77009FDB31 /* ColorExtensions.swift in Sources */,
			);
			runOnlyForDeploymentPostprocessing = 0;
		};
		9BD857182A8093B600AC30E7 /* Sources */ = {
			isa = PBXSourcesBuildPhase;
			buildActionMask = 2147483647;
			files = (
				9BD857212A8093B600AC30E7 /* HabeetTests.swift in Sources */,
			);
			runOnlyForDeploymentPostprocessing = 0;
		};
		9BD857222A8093B600AC30E7 /* Sources */ = {
			isa = PBXSourcesBuildPhase;
			buildActionMask = 2147483647;
			files = (
				9BD8572B2A8093B600AC30E7 /* HabeetUITests.swift in Sources */,
				9BD8572D2A8093B600AC30E7 /* HabeetUITestsLaunchTests.swift in Sources */,
			);
			runOnlyForDeploymentPostprocessing = 0;
		};
/* End PBXSourcesBuildPhase section */

/* Begin PBXTargetDependency section */
		9BD8571E2A8093B600AC30E7 /* PBXTargetDependency */ = {
			isa = PBXTargetDependency;
			target = 9BD8570B2A8093B500AC30E7 /* Habeet */;
			targetProxy = 9BD8571D2A8093B600AC30E7 /* PBXContainerItemProxy */;
		};
		9BD857282A8093B600AC30E7 /* PBXTargetDependency */ = {
			isa = PBXTargetDependency;
			target = 9BD8570B2A8093B500AC30E7 /* Habeet */;
			targetProxy = 9BD857272A8093B600AC30E7 /* PBXContainerItemProxy */;
		};
/* End PBXTargetDependency section */

/* Begin XCBuildConfiguration section */
		9BD8572E2A8093B600AC30E7 /* Debug */ = {
			isa = XCBuildConfiguration;
			buildSettings = {
				ALWAYS_SEARCH_USER_PATHS = NO;
				CLANG_ANALYZER_NONNULL = YES;
				CLANG_ANALYZER_NUMBER_OBJECT_CONVERSION = YES_AGGRESSIVE;
				CLANG_CXX_LANGUAGE_STANDARD = "gnu++20";
				CLANG_ENABLE_MODULES = YES;
				CLANG_ENABLE_OBJC_ARC = YES;
				CLANG_ENABLE_OBJC_WEAK = YES;
				CLANG_WARN_BLOCK_CAPTURE_AUTORELEASING = YES;
				CLANG_WARN_BOOL_CONVERSION = YES;
				CLANG_WARN_COMMA = YES;
				CLANG_WARN_CONSTANT_CONVERSION = YES;
				CLANG_WARN_DEPRECATED_OBJC_IMPLEMENTATIONS = YES;
				CLANG_WARN_DIRECT_OBJC_ISA_USAGE = YES_ERROR;
				CLANG_WARN_DOCUMENTATION_COMMENTS = YES;
				CLANG_WARN_EMPTY_BODY = YES;
				CLANG_WARN_ENUM_CONVERSION = YES;
				CLANG_WARN_INFINITE_RECURSION = YES;
				CLANG_WARN_INT_CONVERSION = YES;
				CLANG_WARN_NON_LITERAL_NULL_CONVERSION = YES;
				CLANG_WARN_OBJC_IMPLICIT_RETAIN_SELF = YES;
				CLANG_WARN_OBJC_LITERAL_CONVERSION = YES;
				CLANG_WARN_OBJC_ROOT_CLASS = YES_ERROR;
				CLANG_WARN_QUOTED_INCLUDE_IN_FRAMEWORK_HEADER = YES;
				CLANG_WARN_RANGE_LOOP_ANALYSIS = YES;
				CLANG_WARN_STRICT_PROTOTYPES = YES;
				CLANG_WARN_SUSPICIOUS_MOVE = YES;
				CLANG_WARN_UNGUARDED_AVAILABILITY = YES_AGGRESSIVE;
				CLANG_WARN_UNREACHABLE_CODE = YES;
				CLANG_WARN__DUPLICATE_METHOD_MATCH = YES;
				COPY_PHASE_STRIP = NO;
				DEBUG_INFORMATION_FORMAT = dwarf;
				ENABLE_STRICT_OBJC_MSGSEND = YES;
				ENABLE_TESTABILITY = YES;
				GCC_C_LANGUAGE_STANDARD = gnu11;
				GCC_DYNAMIC_NO_PIC = NO;
				GCC_NO_COMMON_BLOCKS = YES;
				GCC_OPTIMIZATION_LEVEL = 0;
				GCC_PREPROCESSOR_DEFINITIONS = (
					"DEBUG=1",
					"$(inherited)",
				);
				GCC_WARN_64_TO_32_BIT_CONVERSION = YES;
				GCC_WARN_ABOUT_RETURN_TYPE = YES_ERROR;
				GCC_WARN_UNDECLARED_SELECTOR = YES;
				GCC_WARN_UNINITIALIZED_AUTOS = YES_AGGRESSIVE;
				GCC_WARN_UNUSED_FUNCTION = YES;
				GCC_WARN_UNUSED_VARIABLE = YES;
				IPHONEOS_DEPLOYMENT_TARGET = 16.4;
				MTL_ENABLE_DEBUG_INFO = INCLUDE_SOURCE;
				MTL_FAST_MATH = YES;
				ONLY_ACTIVE_ARCH = YES;
				SDKROOT = iphoneos;
				SWIFT_ACTIVE_COMPILATION_CONDITIONS = DEBUG;
				SWIFT_OPTIMIZATION_LEVEL = "-Onone";
			};
			name = Debug;
		};
		9BD8572F2A8093B600AC30E7 /* Release */ = {
			isa = XCBuildConfiguration;
			buildSettings = {
				ALWAYS_SEARCH_USER_PATHS = NO;
				CLANG_ANALYZER_NONNULL = YES;
				CLANG_ANALYZER_NUMBER_OBJECT_CONVERSION = YES_AGGRESSIVE;
				CLANG_CXX_LANGUAGE_STANDARD = "gnu++20";
				CLANG_ENABLE_MODULES = YES;
				CLANG_ENABLE_OBJC_ARC = YES;
				CLANG_ENABLE_OBJC_WEAK = YES;
				CLANG_WARN_BLOCK_CAPTURE_AUTORELEASING = YES;
				CLANG_WARN_BOOL_CONVERSION = YES;
				CLANG_WARN_COMMA = YES;
				CLANG_WARN_CONSTANT_CONVERSION = YES;
				CLANG_WARN_DEPRECATED_OBJC_IMPLEMENTATIONS = YES;
				CLANG_WARN_DIRECT_OBJC_ISA_USAGE = YES_ERROR;
				CLANG_WARN_DOCUMENTATION_COMMENTS = YES;
				CLANG_WARN_EMPTY_BODY = YES;
				CLANG_WARN_ENUM_CONVERSION = YES;
				CLANG_WARN_INFINITE_RECURSION = YES;
				CLANG_WARN_INT_CONVERSION = YES;
				CLANG_WARN_NON_LITERAL_NULL_CONVERSION = YES;
				CLANG_WARN_OBJC_IMPLICIT_RETAIN_SELF = YES;
				CLANG_WARN_OBJC_LITERAL_CONVERSION = YES;
				CLANG_WARN_OBJC_ROOT_CLASS = YES_ERROR;
				CLANG_WARN_QUOTED_INCLUDE_IN_FRAMEWORK_HEADER = YES;
				CLANG_WARN_RANGE_LOOP_ANALYSIS = YES;
				CLANG_WARN_STRICT_PROTOTYPES = YES;
				CLANG_WARN_SUSPICIOUS_MOVE = YES;
				CLANG_WARN_UNGUARDED_AVAILABILITY = YES_AGGRESSIVE;
				CLANG_WARN_UNREACHABLE_CODE = YES;
				CLANG_WARN__DUPLICATE_METHOD_MATCH = YES;
				COPY_PHASE_STRIP = NO;
				DEBUG_INFORMATION_FORMAT = "dwarf-with-dsym";
				ENABLE_NS_ASSERTIONS = NO;
				ENABLE_STRICT_OBJC_MSGSEND = YES;
				GCC_C_LANGUAGE_STANDARD = gnu11;
				GCC_NO_COMMON_BLOCKS = YES;
				GCC_WARN_64_TO_32_BIT_CONVERSION = YES;
				GCC_WARN_ABOUT_RETURN_TYPE = YES_ERROR;
				GCC_WARN_UNDECLARED_SELECTOR = YES;
				GCC_WARN_UNINITIALIZED_AUTOS = YES_AGGRESSIVE;
				GCC_WARN_UNUSED_FUNCTION = YES;
				GCC_WARN_UNUSED_VARIABLE = YES;
				IPHONEOS_DEPLOYMENT_TARGET = 16.4;
				MTL_ENABLE_DEBUG_INFO = NO;
				MTL_FAST_MATH = YES;
				SDKROOT = iphoneos;
				SWIFT_COMPILATION_MODE = wholemodule;
				SWIFT_OPTIMIZATION_LEVEL = "-O";
				VALIDATE_PRODUCT = YES;
			};
			name = Release;
		};
		9BD857312A8093B600AC30E7 /* Debug */ = {
			isa = XCBuildConfiguration;
			buildSettings = {
				ASSETCATALOG_COMPILER_APPICON_NAME = AppIcon;
				ASSETCATALOG_COMPILER_GLOBAL_ACCENT_COLOR_NAME = AccentColor;
				CODE_SIGN_STYLE = Automatic;
				CURRENT_PROJECT_VERSION = 1;
				DEVELOPMENT_ASSET_PATHS = "\"Habeet/Preview Content\"";
				ENABLE_PREVIEWS = YES;
				GENERATE_INFOPLIST_FILE = YES;
				INFOPLIST_KEY_UIApplicationSceneManifest_Generation = YES;
				INFOPLIST_KEY_UIApplicationSupportsIndirectInputEvents = YES;
				INFOPLIST_KEY_UILaunchScreen_Generation = YES;
				INFOPLIST_KEY_UISupportedInterfaceOrientations_iPad = "UIInterfaceOrientationPortrait UIInterfaceOrientationPortraitUpsideDown UIInterfaceOrientationLandscapeLeft UIInterfaceOrientationLandscapeRight";
				INFOPLIST_KEY_UISupportedInterfaceOrientations_iPhone = "UIInterfaceOrientationPortrait UIInterfaceOrientationLandscapeLeft UIInterfaceOrientationLandscapeRight";
				LD_RUNPATH_SEARCH_PATHS = (
					"$(inherited)",
					"@executable_path/Frameworks",
				);
				MARKETING_VERSION = 1.0;
				PRODUCT_BUNDLE_IDENTIFIER = top.tengenchang.Habeet;
				PRODUCT_NAME = "$(TARGET_NAME)";
				SWIFT_EMIT_LOC_STRINGS = YES;
				SWIFT_VERSION = 5.0;
				TARGETED_DEVICE_FAMILY = "1,2";
			};
			name = Debug;
		};
		9BD857322A8093B600AC30E7 /* Release */ = {
			isa = XCBuildConfiguration;
			buildSettings = {
				ASSETCATALOG_COMPILER_APPICON_NAME = AppIcon;
				ASSETCATALOG_COMPILER_GLOBAL_ACCENT_COLOR_NAME = AccentColor;
				CODE_SIGN_STYLE = Automatic;
				CURRENT_PROJECT_VERSION = 1;
				DEVELOPMENT_ASSET_PATHS = "\"Habeet/Preview Content\"";
				ENABLE_PREVIEWS = YES;
				GENERATE_INFOPLIST_FILE = YES;
				INFOPLIST_KEY_UIApplicationSceneManifest_Generation = YES;
				INFOPLIST_KEY_UIApplicationSupportsIndirectInputEvents = YES;
				INFOPLIST_KEY_UILaunchScreen_Generation = YES;
				INFOPLIST_KEY_UISupportedInterfaceOrientations_iPad = "UIInterfaceOrientationPortrait UIInterfaceOrientationPortraitUpsideDown UIInterfaceOrientationLandscapeLeft UIInterfaceOrientationLandscapeRight";
				INFOPLIST_KEY_UISupportedInterfaceOrientations_iPhone = "UIInterfaceOrientationPortrait UIInterfaceOrientationLandscapeLeft UIInterfaceOrientationLandscapeRight";
				LD_RUNPATH_SEARCH_PATHS = (
					"$(inherited)",
					"@executable_path/Frameworks",
				);
				MARKETING_VERSION = 1.0;
				PRODUCT_BUNDLE_IDENTIFIER = top.tengenchang.Habeet;
				PRODUCT_NAME = "$(TARGET_NAME)";
				SWIFT_EMIT_LOC_STRINGS = YES;
				SWIFT_VERSION = 5.0;
				TARGETED_DEVICE_FAMILY = "1,2";
			};
			name = Release;
		};
		9BD857342A8093B600AC30E7 /* Debug */ = {
			isa = XCBuildConfiguration;
			buildSettings = {
				ALWAYS_EMBED_SWIFT_STANDARD_LIBRARIES = YES;
				BUNDLE_LOADER = "$(TEST_HOST)";
				CODE_SIGN_STYLE = Automatic;
				CURRENT_PROJECT_VERSION = 1;
				GENERATE_INFOPLIST_FILE = YES;
				IPHONEOS_DEPLOYMENT_TARGET = 16.4;
				MARKETING_VERSION = 1.0;
				PRODUCT_BUNDLE_IDENTIFIER = top.tengenchang.HabeetTests;
				PRODUCT_NAME = "$(TARGET_NAME)";
				SWIFT_EMIT_LOC_STRINGS = NO;
				SWIFT_VERSION = 5.0;
				TARGETED_DEVICE_FAMILY = "1,2";
				TEST_HOST = "$(BUILT_PRODUCTS_DIR)/Habeet.app/$(BUNDLE_EXECUTABLE_FOLDER_PATH)/Habeet";
			};
			name = Debug;
		};
		9BD857352A8093B600AC30E7 /* Release */ = {
			isa = XCBuildConfiguration;
			buildSettings = {
				ALWAYS_EMBED_SWIFT_STANDARD_LIBRARIES = YES;
				BUNDLE_LOADER = "$(TEST_HOST)";
				CODE_SIGN_STYLE = Automatic;
				CURRENT_PROJECT_VERSION = 1;
				GENERATE_INFOPLIST_FILE = YES;
				IPHONEOS_DEPLOYMENT_TARGET = 16.4;
				MARKETING_VERSION = 1.0;
				PRODUCT_BUNDLE_IDENTIFIER = top.tengenchang.HabeetTests;
				PRODUCT_NAME = "$(TARGET_NAME)";
				SWIFT_EMIT_LOC_STRINGS = NO;
				SWIFT_VERSION = 5.0;
				TARGETED_DEVICE_FAMILY = "1,2";
				TEST_HOST = "$(BUILT_PRODUCTS_DIR)/Habeet.app/$(BUNDLE_EXECUTABLE_FOLDER_PATH)/Habeet";
			};
			name = Release;
		};
		9BD857372A8093B600AC30E7 /* Debug */ = {
			isa = XCBuildConfiguration;
			buildSettings = {
				ALWAYS_EMBED_SWIFT_STANDARD_LIBRARIES = YES;
				CODE_SIGN_STYLE = Automatic;
				CURRENT_PROJECT_VERSION = 1;
				GENERATE_INFOPLIST_FILE = YES;
				MARKETING_VERSION = 1.0;
				PRODUCT_BUNDLE_IDENTIFIER = top.tengenchang.HabeetUITests;
				PRODUCT_NAME = "$(TARGET_NAME)";
				SWIFT_EMIT_LOC_STRINGS = NO;
				SWIFT_VERSION = 5.0;
				TARGETED_DEVICE_FAMILY = "1,2";
				TEST_TARGET_NAME = Habeet;
			};
			name = Debug;
		};
		9BD857382A8093B600AC30E7 /* Release */ = {
			isa = XCBuildConfiguration;
			buildSettings = {
				ALWAYS_EMBED_SWIFT_STANDARD_LIBRARIES = YES;
				CODE_SIGN_STYLE = Automatic;
				CURRENT_PROJECT_VERSION = 1;
				GENERATE_INFOPLIST_FILE = YES;
				MARKETING_VERSION = 1.0;
				PRODUCT_BUNDLE_IDENTIFIER = top.tengenchang.HabeetUITests;
				PRODUCT_NAME = "$(TARGET_NAME)";
				SWIFT_EMIT_LOC_STRINGS = NO;
				SWIFT_VERSION = 5.0;
				TARGETED_DEVICE_FAMILY = "1,2";
				TEST_TARGET_NAME = Habeet;
			};
			name = Release;
		};
/* End XCBuildConfiguration section */

/* Begin XCConfigurationList section */
		9BD857072A8093B500AC30E7 /* Build configuration list for PBXProject "Habeet" */ = {
			isa = XCConfigurationList;
			buildConfigurations = (
				9BD8572E2A8093B600AC30E7 /* Debug */,
				9BD8572F2A8093B600AC30E7 /* Release */,
			);
			defaultConfigurationIsVisible = 0;
			defaultConfigurationName = Release;
		};
		9BD857302A8093B600AC30E7 /* Build configuration list for PBXNativeTarget "Habeet" */ = {
			isa = XCConfigurationList;
			buildConfigurations = (
				9BD857312A8093B600AC30E7 /* Debug */,
				9BD857322A8093B600AC30E7 /* Release */,
			);
			defaultConfigurationIsVisible = 0;
			defaultConfigurationName = Release;
		};
		9BD857332A8093B600AC30E7 /* Build configuration list for PBXNativeTarget "HabeetTests" */ = {
			isa = XCConfigurationList;
			buildConfigurations = (
				9BD857342A8093B600AC30E7 /* Debug */,
				9BD857352A8093B600AC30E7 /* Release */,
			);
			defaultConfigurationIsVisible = 0;
			defaultConfigurationName = Release;
		};
		9BD857362A8093B600AC30E7 /* Build configuration list for PBXNativeTarget "HabeetUITests" */ = {
			isa = XCConfigurationList;
			buildConfigurations = (
				9BD857372A8093B600AC30E7 /* Debug */,
				9BD857382A8093B600AC30E7 /* Release */,
			);
			defaultConfigurationIsVisible = 0;
			defaultConfigurationName = Release;
		};
/* End XCConfigurationList section */
	};
	rootObject = 9BD857042A8093B500AC30E7 /* Project object */;
}
